
Microsoft Visual Studio Solution File, Format Version 12.00
# Visual Studio Version 17
VisualStudioVersion = 17.3.32811.315
MinimumVisualStudioVersion = 10.0.40219.1
Project("{2150E333-8FDC-42A3-9474-1A3956D46DE8}") = "src", "src", "{E2575294-1051-40D7-9A60-25552D1B62E4}"
EndProject
Project("{2150E333-8FDC-42A3-9474-1A3956D46DE8}") = "corePackages", "corePackages", "{A32F538E-AC66-4049-BDE4-601C8C6F9E23}"
EndProject
Project("{2150E333-8FDC-42A3-9474-1A3956D46DE8}") = "demoProjects", "demoProjects", "{5A3C95BD-933E-4DBA-BA94-5F45EF680782}"
EndProject
Project("{2150E333-8FDC-42A3-9474-1A3956D46DE8}") = "Kodlama.io.Devs2", "Kodlama.io.Devs2", "{AFB43834-DAC9-4CA8-BAF1-435A8735386C}"
EndProject
Project("{9A19103F-16F7-4668-BE54-9A1E7A4F7556}") = "Core.Application", "src\corePackages\Core.Application\Core.Application.csproj", "{AC16839F-5BD9-48E1-9A03-196C02F75C8F}"
EndProject
Project("{9A19103F-16F7-4668-BE54-9A1E7A4F7556}") = "Core.CrossCuttingConcerns", "src\corePackages\Core.CrossCuttingConcerns\Core.CrossCuttingConcerns.csproj", "{20DAA67C-5F3D-47CF-B076-BB54435EB046}"
EndProject
Project("{9A19103F-16F7-4668-BE54-9A1E7A4F7556}") = "Core.ElasticSearch", "src\corePackages\Core.ElasticSearch\Core.ElasticSearch.csproj", "{6B02DEB6-198D-42E9-8493-607F20CCE17F}"
EndProject
Project("{9A19103F-16F7-4668-BE54-9A1E7A4F7556}") = "Core.Mailing", "src\corePackages\Core.Mailing\Core.Mailing.csproj", "{0AA49ECB-0BFF-46FD-BF6F-5F3B829F2D98}"
EndProject
Project("{9A19103F-16F7-4668-BE54-9A1E7A4F7556}") = "Core.Persistence", "src\corePackages\Core.Persistence\Core.Persistence.csproj", "{D1BEABD1-2AF7-481E-9B1A-95CA8E2E61A5}"
EndProject
Project("{9A19103F-16F7-4668-BE54-9A1E7A4F7556}") = "Core.Security", "src\corePackages\Core.Security\Core.Security.csproj", "{9707D6A9-7D14-48B3-9874-88CF712DC396}"
EndProject
Project("{9A19103F-16F7-4668-BE54-9A1E7A4F7556}") = "Kodlama.io.Devs2.Application", "src\demoProjects\Kodlama.io.Devs2\Kodlama.io.Devs2.Application\Kodlama.io.Devs2.Application.csproj", "{3462E6A7-F5A1-4534-B4F7-EB0E1B396E57}"
EndProject
Project("{9A19103F-16F7-4668-BE54-9A1E7A4F7556}") = "Kodlama.io.Devs2.Domain", "src\demoProjects\Kodlama.io.Devs2\Kodlama.io.Devs2.Domain\Kodlama.io.Devs2.Domain.csproj", "{BE53C5A6-AC10-4046-9C24-627341A17B48}"
EndProject
Project("{9A19103F-16F7-4668-BE54-9A1E7A4F7556}") = "Kodlama.io.Devs2.Infrastructure", "src\demoProjects\Kodlama.io.Devs2\Kodlama.io.Devs2.Infrastructure\Kodlama.io.Devs2.Infrastructure.csproj", "{CF9ED5B6-16BF-42AA-AD49-C59B560031A6}"
EndProject
Project("{9A19103F-16F7-4668-BE54-9A1E7A4F7556}") = "Kodlama.io.Devs2.Persistence", "src\demoProjects\Kodlama.io.Devs2\Kodlama.io.Devs2.Persistence\Kodlama.io.Devs2.Persistence.csproj", "{8D7D4647-8EC9-434A-BE13-342D5AD16B3F}"
EndProject
Project("{9A19103F-16F7-4668-BE54-9A1E7A4F7556}") = "Kodlama.io.Devs2.WebAPI", "src\demoProjects\Kodlama.io.Devs2\Kodlama.io.Devs2.WebAPI\Kodlama.io.Devs2.WebAPI.csproj", "{B8A1B9A7-A63B-40FF-AC67-D0BD7751C585}"
EndProject
Global
	GlobalSection(SolutionConfigurationPlatforms) = preSolution
		Debug|Any CPU = Debug|Any CPU
		Release|Any CPU = Release|Any CPU
	EndGlobalSection
	GlobalSection(ProjectConfigurationPlatforms) = postSolution
		{AC16839F-5BD9-48E1-9A03-196C02F75C8F}.Debug|Any CPU.ActiveCfg = Debug|Any CPU
		{AC16839F-5BD9-48E1-9A03-196C02F75C8F}.Debug|Any CPU.Build.0 = Debug|Any CPU
		{AC16839F-5BD9-48E1-9A03-196C02F75C8F}.Release|Any CPU.ActiveCfg = Release|Any CPU
		{AC16839F-5BD9-48E1-9A03-196C02F75C8F}.Release|Any CPU.Build.0 = Release|Any CPU
		{20DAA67C-5F3D-47CF-B076-BB54435EB046}.Debug|Any CPU.ActiveCfg = Debug|Any CPU
		{20DAA67C-5F3D-47CF-B076-BB54435EB046}.Debug|Any CPU.Build.0 = Debug|Any CPU
		{20DAA67C-5F3D-47CF-B076-BB54435EB046}.Release|Any CPU.ActiveCfg = Release|Any CPU
		{20DAA67C-5F3D-47CF-B076-BB54435EB046}.Release|Any CPU.Build.0 = Release|Any CPU
		{6B02DEB6-198D-42E9-8493-607F20CCE17F}.Debug|Any CPU.ActiveCfg = Debug|Any CPU
		{6B02DEB6-198D-42E9-8493-607F20CCE17F}.Debug|Any CPU.Build.0 = Debug|Any CPU
		{6B02DEB6-198D-42E9-8493-607F20CCE17F}.Release|Any CPU.ActiveCfg = Release|Any CPU
		{6B02DEB6-198D-42E9-8493-607F20CCE17F}.Release|Any CPU.Build.0 = Release|Any CPU
		{0AA49ECB-0BFF-46FD-BF6F-5F3B829F2D98}.Debug|Any CPU.ActiveCfg = Debug|Any CPU
		{0AA49ECB-0BFF-46FD-BF6F-5F3B829F2D98}.Debug|Any CPU.Build.0 = Debug|Any CPU
		{0AA49ECB-0BFF-46FD-BF6F-5F3B829F2D98}.Release|Any CPU.ActiveCfg = Release|Any CPU
		{0AA49ECB-0BFF-46FD-BF6F-5F3B829F2D98}.Release|Any CPU.Build.0 = Release|Any CPU
		{D1BEABD1-2AF7-481E-9B1A-95CA8E2E61A5}.Debug|Any CPU.ActiveCfg = Debug|Any CPU
		{D1BEABD1-2AF7-481E-9B1A-95CA8E2E61A5}.Debug|Any CPU.Build.0 = Debug|Any CPU
		{D1BEABD1-2AF7-481E-9B1A-95CA8E2E61A5}.Release|Any CPU.ActiveCfg = Release|Any CPU
		{D1BEABD1-2AF7-481E-9B1A-95CA8E2E61A5}.Release|Any CPU.Build.0 = Release|Any CPU
		{9707D6A9-7D14-48B3-9874-88CF712DC396}.Debug|Any CPU.ActiveCfg = Debug|Any CPU
		{9707D6A9-7D14-48B3-9874-88CF712DC396}.Debug|Any CPU.Build.0 = Debug|Any CPU
		{9707D6A9-7D14-48B3-9874-88CF712DC396}.Release|Any CPU.ActiveCfg = Release|Any CPU
		{9707D6A9-7D14-48B3-9874-88CF712DC396}.Release|Any CPU.Build.0 = Release|Any CPU
		{3462E6A7-F5A1-4534-B4F7-EB0E1B396E57}.Debug|Any CPU.ActiveCfg = Debug|Any CPU
		{3462E6A7-F5A1-4534-B4F7-EB0E1B396E57}.Debug|Any CPU.Build.0 = Debug|Any CPU
		{3462E6A7-F5A1-4534-B4F7-EB0E1B396E57}.Release|Any CPU.ActiveCfg = Release|Any CPU
		{3462E6A7-F5A1-4534-B4F7-EB0E1B396E57}.Release|Any CPU.Build.0 = Release|Any CPU
		{BE53C5A6-AC10-4046-9C24-627341A17B48}.Debug|Any CPU.ActiveCfg = Debug|Any CPU
		{BE53C5A6-AC10-4046-9C24-627341A17B48}.Debug|Any CPU.Build.0 = Debug|Any CPU
		{BE53C5A6-AC10-4046-9C24-627341A17B48}.Release|Any CPU.ActiveCfg = Release|Any CPU
		{BE53C5A6-AC10-4046-9C24-627341A17B48}.Release|Any CPU.Build.0 = Release|Any CPU
		{CF9ED5B6-16BF-42AA-AD49-C59B560031A6}.Debug|Any CPU.ActiveCfg = Debug|Any CPU
		{CF9ED5B6-16BF-42AA-AD49-C59B560031A6}.Debug|Any CPU.Build.0 = Debug|Any CPU
		{CF9ED5B6-16BF-42AA-AD49-C59B560031A6}.Release|Any CPU.ActiveCfg = Release|Any CPU
		{CF9ED5B6-16BF-42AA-AD49-C59B560031A6}.Release|Any CPU.Build.0 = Release|Any CPU
		{8D7D4647-8EC9-434A-BE13-342D5AD16B3F}.Debug|Any CPU.ActiveCfg = Debug|Any CPU
		{8D7D4647-8EC9-434A-BE13-342D5AD16B3F}.Debug|Any CPU.Build.0 = Debug|Any CPU
		{8D7D4647-8EC9-434A-BE13-342D5AD16B3F}.Release|Any CPU.ActiveCfg = Release|Any CPU
		{8D7D4647-8EC9-434A-BE13-342D5AD16B3F}.Release|Any CPU.Build.0 = Release|Any CPU
		{B8A1B9A7-A63B-40FF-AC67-D0BD7751C585}.Debug|Any CPU.ActiveCfg = Debug|Any CPU
		{B8A1B9A7-A63B-40FF-AC67-D0BD7751C585}.Debug|Any CPU.Build.0 = Debug|Any CPU
		{B8A1B9A7-A63B-40FF-AC67-D0BD7751C585}.Release|Any CPU.ActiveCfg = Release|Any CPU
		{B8A1B9A7-A63B-40FF-AC67-D0BD7751C585}.Release|Any CPU.Build.0 = Release|Any CPU
	EndGlobalSection
	GlobalSection(SolutionProperties) = preSolution
		HideSolutionNode = FALSE
	EndGlobalSection
	GlobalSection(NestedProjects) = preSolution
		{A32F538E-AC66-4049-BDE4-601C8C6F9E23} = {E2575294-1051-40D7-9A60-25552D1B62E4}
		{5A3C95BD-933E-4DBA-BA94-5F45EF680782} = {E2575294-1051-40D7-9A60-25552D1B62E4}
		{AFB43834-DAC9-4CA8-BAF1-435A8735386C} = {5A3C95BD-933E-4DBA-BA94-5F45EF680782}
		{AC16839F-5BD9-48E1-9A03-196C02F75C8F} = {A32F538E-AC66-4049-BDE4-601C8C6F9E23}
		{20DAA67C-5F3D-47CF-B076-BB54435EB046} = {A32F538E-AC66-4049-BDE4-601C8C6F9E23}
		{6B02DEB6-198D-42E9-8493-607F20CCE17F} = {A32F538E-AC66-4049-BDE4-601C8C6F9E23}
		{0AA49ECB-0BFF-46FD-BF6F-5F3B829F2D98} = {A32F538E-AC66-4049-BDE4-601C8C6F9E23}
		{D1BEABD1-2AF7-481E-9B1A-95CA8E2E61A5} = {A32F538E-AC66-4049-BDE4-601C8C6F9E23}
		{9707D6A9-7D14-48B3-9874-88CF712DC396} = {A32F538E-AC66-4049-BDE4-601C8C6F9E23}
		{3462E6A7-F5A1-4534-B4F7-EB0E1B396E57} = {AFB43834-DAC9-4CA8-BAF1-435A8735386C}
		{BE53C5A6-AC10-4046-9C24-627341A17B48} = {AFB43834-DAC9-4CA8-BAF1-435A8735386C}
		{CF9ED5B6-16BF-42AA-AD49-C59B560031A6} = {AFB43834-DAC9-4CA8-BAF1-435A8735386C}
		{8D7D4647-8EC9-434A-BE13-342D5AD16B3F} = {AFB43834-DAC9-4CA8-BAF1-435A8735386C}
		{B8A1B9A7-A63B-40FF-AC67-D0BD7751C585} = {AFB43834-DAC9-4CA8-BAF1-435A8735386C}
	EndGlobalSection
	GlobalSection(ExtensibilityGlobals) = postSolution
		SolutionGuid = {8F4877DD-2049-45A0-AC43-F4BF030F2B7A}
	EndGlobalSection
EndGlobal
